
Microsoft Visual Studio Solution File, Format Version 12.00
# Visual Studio 15
VisualStudioVersion = 15.0.28307.102
MinimumVisualStudioVersion = 10.0.40219.1
Project("{FAE04EC0-301F-11D3-BF4B-00C04F79EFBC}") = "Medecin.Android", "Medecin\Medecin.Android\Medecin.Android.csproj", "{5543F210-2747-4CCC-81F4-8769D8097025}"
EndProject
Project("{FAE04EC0-301F-11D3-BF4B-00C04F79EFBC}") = "Medecin.iOS", "Medecin\Medecin.iOS\Medecin.iOS.csproj", "{A79E918E-1993-4358-837D-BFD59336E360}"
EndProject
Project("{FAE04EC0-301F-11D3-BF4B-00C04F79EFBC}") = "Medecin", "Medecin\Medecin\Medecin.csproj", "{0F5C53AE-5069-4CE5-962D-3C233934E9A8}"
EndProject
Global
	GlobalSection(SolutionConfigurationPlatforms) = preSolution
		Ad-Hoc|Any CPU = Ad-Hoc|Any CPU
		Ad-Hoc|iPhone = Ad-Hoc|iPhone
		Ad-Hoc|iPhoneSimulator = Ad-Hoc|iPhoneSimulator
		AppStore|Any CPU = AppStore|Any CPU
		AppStore|iPhone = AppStore|iPhone
		AppStore|iPhoneSimulator = AppStore|iPhoneSimulator
		Debug|Any CPU = Debug|Any CPU
		Debug|iPhone = Debug|iPhone
		Debug|iPhoneSimulator = Debug|iPhoneSimulator
		Release|Any CPU = Release|Any CPU
		Release|iPhone = Release|iPhone
		Release|iPhoneSimulator = Release|iPhoneSimulator
	EndGlobalSection
	GlobalSection(ProjectConfigurationPlatforms) = postSolution
		{5543F210-2747-4CCC-81F4-8769D8097025}.Ad-Hoc|Any CPU.ActiveCfg = Release|Any CPU
		{5543F210-2747-4CCC-81F4-8769D8097025}.Ad-Hoc|Any CPU.Build.0 = Release|Any CPU
		{5543F210-2747-4CCC-81F4-8769D8097025}.Ad-Hoc|Any CPU.Deploy.0 = Release|Any CPU
		{5543F210-2747-4CCC-81F4-8769D8097025}.Ad-Hoc|iPhone.ActiveCfg = Release|Any CPU
		{5543F210-2747-4CCC-81F4-8769D8097025}.Ad-Hoc|iPhone.Build.0 = Release|Any CPU
		{5543F210-2747-4CCC-81F4-8769D8097025}.Ad-Hoc|iPhone.Deploy.0 = Release|Any CPU
		{5543F210-2747-4CCC-81F4-8769D8097025}.Ad-Hoc|iPhoneSimulator.ActiveCfg = Release|Any CPU
		{5543F210-2747-4CCC-81F4-8769D8097025}.Ad-Hoc|iPhoneSimulator.Build.0 = Release|Any CPU
		{5543F210-2747-4CCC-81F4-8769D8097025}.Ad-Hoc|iPhoneSimulator.Deploy.0 = Release|Any CPU
		{5543F210-2747-4CCC-81F4-8769D8097025}.AppStore|Any CPU.ActiveCfg = Release|Any CPU
		{5543F210-2747-4CCC-81F4-8769D8097025}.AppStore|Any CPU.Build.0 = Release|Any CPU
		{5543F210-2747-4CCC-81F4-8769D8097025}.AppStore|Any CPU.Deploy.0 = Release|Any CPU
		{5543F210-2747-4CCC-81F4-8769D8097025}.AppStore|iPhone.ActiveCfg = Release|Any CPU
		{5543F210-2747-4CCC-81F4-8769D8097025}.AppStore|iPhone.Build.0 = Release|Any CPU
		{5543F210-2747-4CCC-81F4-8769D8097025}.AppStore|iPhone.Deploy.0 = Release|Any CPU
		{5543F210-2747-4CCC-81F4-8769D8097025}.AppStore|iPhoneSimulator.ActiveCfg = Release|Any CPU
		{5543F210-2747-4CCC-81F4-8769D8097025}.AppStore|iPhoneSimulator.Build.0 = Release|Any CPU
		{5543F210-2747-4CCC-81F4-8769D8097025}.AppStore|iPhoneSimulator.Deploy.0 = Release|Any CPU
		{5543F210-2747-4CCC-81F4-8769D8097025}.Debug|Any CPU.ActiveCfg = Debug|Any CPU
		{5543F210-2747-4CCC-81F4-8769D8097025}.Debug|Any CPU.Build.0 = Debug|Any CPU
		{5543F210-2747-4CCC-81F4-8769D8097025}.Debug|Any CPU.Deploy.0 = Debug|Any CPU
		{5543F210-2747-4CCC-81F4-8769D8097025}.Debug|iPhone.ActiveCfg = Debug|Any CPU
		{5543F210-2747-4CCC-81F4-8769D8097025}.Debug|iPhone.Build.0 = Debug|Any CPU
		{5543F210-2747-4CCC-81F4-8769D8097025}.Debug|iPhone.Deploy.0 = Debug|Any CPU
		{5543F210-2747-4CCC-81F4-8769D8097025}.Debug|iPhoneSimulator.ActiveCfg = Debug|Any CPU
		{5543F210-2747-4CCC-81F4-8769D8097025}.Debug|iPhoneSimulator.Build.0 = Debug|Any CPU
		{5543F210-2747-4CCC-81F4-8769D8097025}.Debug|iPhoneSimulator.Deploy.0 = Debug|Any CPU
		{5543F210-2747-4CCC-81F4-8769D8097025}.Release|Any CPU.ActiveCfg = Release|Any CPU
		{5543F210-2747-4CCC-81F4-8769D8097025}.Release|Any CPU.Build.0 = Release|Any CPU
		{5543F210-2747-4CCC-81F4-8769D8097025}.Release|Any CPU.Deploy.0 = Release|Any CPU
		{5543F210-2747-4CCC-81F4-8769D8097025}.Release|iPhone.ActiveCfg = Release|Any CPU
		{5543F210-2747-4CCC-81F4-8769D8097025}.Release|iPhone.Build.0 = Release|Any CPU
		{5543F210-2747-4CCC-81F4-8769D8097025}.Release|iPhone.Deploy.0 = Release|Any CPU
		{5543F210-2747-4CCC-81F4-8769D8097025}.Release|iPhoneSimulator.ActiveCfg = Release|Any CPU
		{5543F210-2747-4CCC-81F4-8769D8097025}.Release|iPhoneSimulator.Build.0 = Release|Any CPU
		{5543F210-2747-4CCC-81F4-8769D8097025}.Release|iPhoneSimulator.Deploy.0 = Release|Any CPU
		{A79E918E-1993-4358-837D-BFD59336E360}.Ad-Hoc|Any CPU.ActiveCfg = Ad-Hoc|iPhone
		{A79E918E-1993-4358-837D-BFD59336E360}.Ad-Hoc|Any CPU.Build.0 = Ad-Hoc|iPhone
		{A79E918E-1993-4358-837D-BFD59336E360}.Ad-Hoc|Any CPU.Deploy.0 = Ad-Hoc|iPhone
		{A79E918E-1993-4358-837D-BFD59336E360}.Ad-Hoc|iPhone.ActiveCfg = Ad-Hoc|iPhone
		{A79E918E-1993-4358-837D-BFD59336E360}.Ad-Hoc|iPhone.Build.0 = Ad-Hoc|iPhone
		{A79E918E-1993-4358-837D-BFD59336E360}.Ad-Hoc|iPhone.Deploy.0 = Ad-Hoc|iPhone
		{A79E918E-1993-4358-837D-BFD59336E360}.Ad-Hoc|iPhoneSimulator.ActiveCfg = Ad-Hoc|iPhoneSimulator
		{A79E918E-1993-4358-837D-BFD59336E360}.Ad-Hoc|iPhoneSimulator.Build.0 = Ad-Hoc|iPhoneSimulator
		{A79E918E-1993-4358-837D-BFD59336E360}.Ad-Hoc|iPhoneSimulator.Deploy.0 = Ad-Hoc|iPhoneSimulator
		{A79E918E-1993-4358-837D-BFD59336E360}.AppStore|Any CPU.ActiveCfg = AppStore|iPhone
		{A79E918E-1993-4358-837D-BFD59336E360}.AppStore|Any CPU.Build.0 = AppStore|iPhone
		{A79E918E-1993-4358-837D-BFD59336E360}.AppStore|Any CPU.Deploy.0 = AppStore|iPhone
		{A79E918E-1993-4358-837D-BFD59336E360}.AppStore|iPhone.ActiveCfg = AppStore|iPhone
		{A79E918E-1993-4358-837D-BFD59336E360}.AppStore|iPhone.Build.0 = AppStore|iPhone
		{A79E918E-1993-4358-837D-BFD59336E360}.AppStore|iPhone.Deploy.0 = AppStore|iPhone
		{A79E918E-1993-4358-837D-BFD59336E360}.AppStore|iPhoneSimulator.ActiveCfg = AppStore|iPhoneSimulator
		{A79E918E-1993-4358-837D-BFD59336E360}.AppStore|iPhoneSimulator.Build.0 = AppStore|iPhoneSimulator
		{A79E918E-1993-4358-837D-BFD59336E360}.AppStore|iPhoneSimulator.Deploy.0 = AppStore|iPhoneSimulator
		{A79E918E-1993-4358-837D-BFD59336E360}.Debug|Any CPU.ActiveCfg = Debug|iPhoneSimulator
		{A79E918E-1993-4358-837D-BFD59336E360}.Debug|Any CPU.Build.0 = Debug|iPhoneSimulator
		{A79E918E-1993-4358-837D-BFD59336E360}.Debug|Any CPU.Deploy.0 = Debug|iPhoneSimulator
		{A79E918E-1993-4358-837D-BFD59336E360}.Debug|iPhone.ActiveCfg = Debug|iPhone
		{A79E918E-1993-4358-837D-BFD59336E360}.Debug|iPhone.Build.0 = Debug|iPhone
		{A79E918E-1993-4358-837D-BFD59336E360}.Debug|iPhone.Deploy.0 = Debug|iPhone
		{A79E918E-1993-4358-837D-BFD59336E360}.Debug|iPhoneSimulator.ActiveCfg = Debug|iPhoneSimulator
		{A79E918E-1993-4358-837D-BFD59336E360}.Debug|iPhoneSimulator.Build.0 = Debug|iPhoneSimulator
		{A79E918E-1993-4358-837D-BFD59336E360}.Debug|iPhoneSimulator.Deploy.0 = Debug|iPhoneSimulator
		{A79E918E-1993-4358-837D-BFD59336E360}.Release|Any CPU.ActiveCfg = Release|iPhone
		{A79E918E-1993-4358-837D-BFD59336E360}.Release|Any CPU.Build.0 = Release|iPhone
		{A79E918E-1993-4358-837D-BFD59336E360}.Release|Any CPU.Deploy.0 = Release|iPhone
		{A79E918E-1993-4358-837D-BFD59336E360}.Release|iPhone.ActiveCfg = Release|iPhone
		{A79E918E-1993-4358-837D-BFD59336E360}.Release|iPhone.Build.0 = Release|iPhone
		{A79E918E-1993-4358-837D-BFD59336E360}.Release|iPhone.Deploy.0 = Release|iPhone
		{A79E918E-1993-4358-837D-BFD59336E360}.Release|iPhoneSimulator.ActiveCfg = Release|iPhoneSimulator
		{A79E918E-1993-4358-837D-BFD59336E360}.Release|iPhoneSimulator.Build.0 = Release|iPhoneSimulator
		{A79E918E-1993-4358-837D-BFD59336E360}.Release|iPhoneSimulator.Deploy.0 = Release|iPhoneSimulator
		{0F5C53AE-5069-4CE5-962D-3C233934E9A8}.Ad-Hoc|Any CPU.ActiveCfg = Debug|Any CPU
		{0F5C53AE-5069-4CE5-962D-3C233934E9A8}.Ad-Hoc|Any CPU.Build.0 = Debug|Any CPU
		{0F5C53AE-5069-4CE5-962D-3C233934E9A8}.Ad-Hoc|Any CPU.Deploy.0 = Debug|Any CPU
		{0F5C53AE-5069-4CE5-962D-3C233934E9A8}.Ad-Hoc|iPhone.ActiveCfg = Debug|Any CPU
		{0F5C53AE-5069-4CE5-962D-3C233934E9A8}.Ad-Hoc|iPhone.Build.0 = Debug|Any CPU
		{0F5C53AE-5069-4CE5-962D-3C233934E9A8}.Ad-Hoc|iPhone.Deploy.0 = Debug|Any CPU
		{0F5C53AE-5069-4CE5-962D-3C233934E9A8}.Ad-Hoc|iPhoneSimulator.ActiveCfg = Debug|Any CPU
		{0F5C53AE-5069-4CE5-962D-3C233934E9A8}.Ad-Hoc|iPhoneSimulator.Build.0 = Debug|Any CPU
		{0F5C53AE-5069-4CE5-962D-3C233934E9A8}.Ad-Hoc|iPhoneSimulator.Deploy.0 = Debug|Any CPU
		{0F5C53AE-5069-4CE5-962D-3C233934E9A8}.AppStore|Any CPU.ActiveCfg = Debug|Any CPU
		{0F5C53AE-5069-4CE5-962D-3C233934E9A8}.AppStore|Any CPU.Build.0 = Debug|Any CPU
		{0F5C53AE-5069-4CE5-962D-3C233934E9A8}.AppStore|Any CPU.Deploy.0 = Debug|Any CPU
		{0F5C53AE-5069-4CE5-962D-3C233934E9A8}.AppStore|iPhone.ActiveCfg = Debug|Any CPU
		{0F5C53AE-5069-4CE5-962D-3C233934E9A8}.AppStore|iPhone.Build.0 = Debug|Any CPU
		{0F5C53AE-5069-4CE5-962D-3C233934E9A8}.AppStore|iPhone.Deploy.0 = Debug|Any CPU
		{0F5C53AE-5069-4CE5-962D-3C233934E9A8}.AppStore|iPhoneSimulator.ActiveCfg = Debug|Any CPU
		{0F5C53AE-5069-4CE5-962D-3C233934E9A8}.AppStore|iPhoneSimulator.Build.0 = Debug|Any CPU
		{0F5C53AE-5069-4CE5-962D-3C233934E9A8}.AppStore|iPhoneSimulator.Deploy.0 = Debug|Any CPU
		{0F5C53AE-5069-4CE5-962D-3C233934E9A8}.Debug|Any CPU.ActiveCfg = Debug|Any CPU
		{0F5C53AE-5069-4CE5-962D-3C233934E9A8}.Debug|Any CPU.Build.0 = Debug|Any CPU
		{0F5C53AE-5069-4CE5-962D-3C233934E9A8}.Debug|Any CPU.Deploy.0 = Debug|Any CPU
		{0F5C53AE-5069-4CE5-962D-3C233934E9A8}.Debug|iPhone.ActiveCfg = Debug|Any CPU
		{0F5C53AE-5069-4CE5-962D-3C233934E9A8}.Debug|iPhone.Build.0 = Debug|Any CPU
		{0F5C53AE-5069-4CE5-962D-3C233934E9A8}.Debug|iPhone.Deploy.0 = Debug|Any CPU
		{0F5C53AE-5069-4CE5-962D-3C233934E9A8}.Debug|iPhoneSimulator.ActiveCfg = Debug|Any CPU
		{0F5C53AE-5069-4CE5-962D-3C233934E9A8}.Debug|iPhoneSimulator.Build.0 = Debug|Any CPU
		{0F5C53AE-5069-4CE5-962D-3C233934E9A8}.Debug|iPhoneSimulator.Deploy.0 = Debug|Any CPU
		{0F5C53AE-5069-4CE5-962D-3C233934E9A8}.Release|Any CPU.ActiveCfg = Release|Any CPU
		{0F5C53AE-5069-4CE5-962D-3C233934E9A8}.Release|Any CPU.Build.0 = Release|Any CPU
		{0F5C53AE-5069-4CE5-962D-3C233934E9A8}.Release|Any CPU.Deploy.0 = Release|Any CPU
		{0F5C53AE-5069-4CE5-962D-3C233934E9A8}.Release|iPhone.ActiveCfg = Release|Any CPU
		{0F5C53AE-5069-4CE5-962D-3C233934E9A8}.Release|iPhone.Build.0 = Release|Any CPU
		{0F5C53AE-5069-4CE5-962D-3C233934E9A8}.Release|iPhone.Deploy.0 = Release|Any CPU
		{0F5C53AE-5069-4CE5-962D-3C233934E9A8}.Release|iPhoneSimulator.ActiveCfg = Release|Any CPU
		{0F5C53AE-5069-4CE5-962D-3C233934E9A8}.Release|iPhoneSimulator.Build.0 = Release|Any CPU
		{0F5C53AE-5069-4CE5-962D-3C233934E9A8}.Release|iPhoneSimulator.Deploy.0 = Release|Any CPU
	EndGlobalSection
	GlobalSection(SolutionProperties) = preSolution
		HideSolutionNode = FALSE
	EndGlobalSection
	GlobalSection(ExtensibilityGlobals) = postSolution
		SolutionGuid = {78B23C98-AAA5-4C10-9F73-6FE3154A5BC5}
	EndGlobalSection
EndGlobal
